
Microsoft Visual Studio Solution File, Format Version 12.00
# Visual Studio 14
VisualStudioVersion = 14.0.25123.0
MinimumVisualStudioVersion = 10.0.40219.1
Project("{FAE04EC0-301F-11D3-BF4B-00C04F79EFBC}") = "KucukEsnafWebApi", "KucukEsnafWebApi\KucukEsnafWebApi.csproj", "{731D4073-F824-42BA-BC0C-904F9D82A97E}"
EndProject
Project("{FAE04EC0-301F-11D3-BF4B-00C04F79EFBC}") = "DataLayer", "DataLayer\DataLayer.csproj", "{F9E5E8E7-6D69-497D-B40E-26FCA61FDEE0}"
EndProject
Project("{FAE04EC0-301F-11D3-BF4B-00C04F79EFBC}") = "BusinessLayer", "BusinessLayer\BusinessLayer.csproj", "{F4D0A1E0-F659-4F7A-98E8-5EA85A4CAF34}"
EndProject
Global
	GlobalSection(SolutionConfigurationPlatforms) = preSolution
		Debug|Any CPU = Debug|Any CPU
		Release|Any CPU = Release|Any CPU
	EndGlobalSection
	GlobalSection(ProjectConfigurationPlatforms) = postSolution
		{731D4073-F824-42BA-BC0C-904F9D82A97E}.Debug|Any CPU.ActiveCfg = Debug|Any CPU
		{731D4073-F824-42BA-BC0C-904F9D82A97E}.Debug|Any CPU.Build.0 = Debug|Any CPU
		{731D4073-F824-42BA-BC0C-904F9D82A97E}.Release|Any CPU.ActiveCfg = Release|Any CPU
		{731D4073-F824-42BA-BC0C-904F9D82A97E}.Release|Any CPU.Build.0 = Release|Any CPU
		{F9E5E8E7-6D69-497D-B40E-26FCA61FDEE0}.Debug|Any CPU.ActiveCfg = Debug|Any CPU
		{F9E5E8E7-6D69-497D-B40E-26FCA61FDEE0}.Debug|Any CPU.Build.0 = Debug|Any CPU
		{F9E5E8E7-6D69-497D-B40E-26FCA61FDEE0}.Release|Any CPU.ActiveCfg = Release|Any CPU
		{F9E5E8E7-6D69-497D-B40E-26FCA61FDEE0}.Release|Any CPU.Build.0 = Release|Any CPU
		{F4D0A1E0-F659-4F7A-98E8-5EA85A4CAF34}.Debug|Any CPU.ActiveCfg = Debug|Any CPU
		{F4D0A1E0-F659-4F7A-98E8-5EA85A4CAF34}.Debug|Any CPU.Build.0 = Debug|Any CPU
		{F4D0A1E0-F659-4F7A-98E8-5EA85A4CAF34}.Release|Any CPU.ActiveCfg = Release|Any CPU
		{F4D0A1E0-F659-4F7A-98E8-5EA85A4CAF34}.Release|Any CPU.Build.0 = Release|Any CPU
	EndGlobalSection
	GlobalSection(SolutionProperties) = preSolution
		HideSolutionNode = FALSE
	EndGlobalSection
EndGlobal
